// !$*UTF8*$!
{
	archiveVersion = 1;
	classes = {
	};
	objectVersion = 46;
	objects = {

/* Begin PBXBuildFile section */
		AF056DEE1F03E46E00218154 /* ProductViewController.swift in Sources */ = {isa = PBXBuildFile; fileRef = AF056DED1F03E46E00218154 /* ProductViewController.swift */; };
		AF056DF01F03EE4A00218154 /* Product.swift in Sources */ = {isa = PBXBuildFile; fileRef = AF056DEF1F03EE4A00218154 /* Product.swift */; };
		AF5445481F0EC1F500F126C5 /* ShopViewController.swift in Sources */ = {isa = PBXBuildFile; fileRef = AF5445471F0EC1F500F126C5 /* ShopViewController.swift */; };
		AF54454A1F0EC39F00F126C5 /* ShopTableViewCell.swift in Sources */ = {isa = PBXBuildFile; fileRef = AF5445491F0EC39F00F126C5 /* ShopTableViewCell.swift */; };
		AF6B01041F0ACB8A00032304 /* ProductTableViewCell.swift in Sources */ = {isa = PBXBuildFile; fileRef = AF6B01031F0ACB8A00032304 /* ProductTableViewCell.swift */; };
		AFD9AC3D1F02F9FD008A8ED8 /* AppDelegate.swift in Sources */ = {isa = PBXBuildFile; fileRef = AFD9AC3C1F02F9FD008A8ED8 /* AppDelegate.swift */; };
		AFD9AC3F1F02F9FD008A8ED8 /* HomeViewController.swift in Sources */ = {isa = PBXBuildFile; fileRef = AFD9AC3E1F02F9FD008A8ED8 /* HomeViewController.swift */; };
		AFD9AC421F02F9FD008A8ED8 /* Main.storyboard in Resources */ = {isa = PBXBuildFile; fileRef = AFD9AC401F02F9FD008A8ED8 /* Main.storyboard */; };
		AFD9AC441F02F9FD008A8ED8 /* Assets.xcassets in Resources */ = {isa = PBXBuildFile; fileRef = AFD9AC431F02F9FD008A8ED8 /* Assets.xcassets */; };
		AFD9AC471F02F9FD008A8ED8 /* LaunchScreen.storyboard in Resources */ = {isa = PBXBuildFile; fileRef = AFD9AC451F02F9FD008A8ED8 /* LaunchScreen.storyboard */; };
/* End PBXBuildFile section */

/* Begin PBXFileReference section */
		AF056DED1F03E46E00218154 /* ProductViewController.swift */ = {isa = PBXFileReference; fileEncoding = 4; lastKnownFileType = sourcecode.swift; path = ProductViewController.swift; sourceTree = "<group>"; };
		AF056DEF1F03EE4A00218154 /* Product.swift */ = {isa = PBXFileReference; fileEncoding = 4; lastKnownFileType = sourcecode.swift; path = Product.swift; sourceTree = "<group>"; };
		AF5445471F0EC1F500F126C5 /* ShopViewController.swift */ = {isa = PBXFileReference; fileEncoding = 4; lastKnownFileType = sourcecode.swift; path = ShopViewController.swift; sourceTree = "<group>"; };
		AF5445491F0EC39F00F126C5 /* ShopTableViewCell.swift */ = {isa = PBXFileReference; fileEncoding = 4; lastKnownFileType = sourcecode.swift; path = ShopTableViewCell.swift; sourceTree = "<group>"; };
		AF6B01031F0ACB8A00032304 /* ProductTableViewCell.swift */ = {isa = PBXFileReference; fileEncoding = 4; lastKnownFileType = sourcecode.swift; path = ProductTableViewCell.swift; sourceTree = "<group>"; };
		AFD9AC391F02F9FD008A8ED8 /* firsttestios.app */ = {isa = PBXFileReference; explicitFileType = wrapper.application; includeInIndex = 0; path = firsttestios.app; sourceTree = BUILT_PRODUCTS_DIR; };
		AFD9AC3C1F02F9FD008A8ED8 /* AppDelegate.swift */ = {isa = PBXFileReference; lastKnownFileType = sourcecode.swift; path = AppDelegate.swift; sourceTree = "<group>"; };
		AFD9AC3E1F02F9FD008A8ED8 /* HomeViewController.swift */ = {isa = PBXFileReference; lastKnownFileType = sourcecode.swift; path = HomeViewController.swift; sourceTree = "<group>"; };
		AFD9AC411F02F9FD008A8ED8 /* Base */ = {isa = PBXFileReference; lastKnownFileType = file.storyboard; name = Base; path = Base.lproj/Main.storyboard; sourceTree = "<group>"; };
		AFD9AC431F02F9FD008A8ED8 /* Assets.xcassets */ = {isa = PBXFileReference; lastKnownFileType = folder.assetcatalog; path = Assets.xcassets; sourceTree = "<group>"; };
		AFD9AC461F02F9FD008A8ED8 /* Base */ = {isa = PBXFileReference; lastKnownFileType = file.storyboard; name = Base; path = Base.lproj/LaunchScreen.storyboard; sourceTree = "<group>"; };
		AFD9AC481F02F9FD008A8ED8 /* Info.plist */ = {isa = PBXFileReference; lastKnownFileType = text.plist.xml; path = Info.plist; sourceTree = "<group>"; };
/* End PBXFileReference section */

/* Begin PBXFrameworksBuildPhase section */
		AFD9AC361F02F9FD008A8ED8 /* Frameworks */ = {
			isa = PBXFrameworksBuildPhase;
			buildActionMask = 2147483647;
			files = (
			);
			runOnlyForDeploymentPostprocessing = 0;
		};
/* End PBXFrameworksBuildPhase section */

/* Begin PBXGroup section */
		AF056DEB1F03DD8400218154 /* Source */ = {
			isa = PBXGroup;
			children = (
				AFD9AC3E1F02F9FD008A8ED8 /* HomeViewController.swift */,
				AF056DED1F03E46E00218154 /* ProductViewController.swift */,
				AF056DEF1F03EE4A00218154 /* Product.swift */,
				AF6B01031F0ACB8A00032304 /* ProductTableViewCell.swift */,
				AF5445471F0EC1F500F126C5 /* ShopViewController.swift */,
				AF5445491F0EC39F00F126C5 /* ShopTableViewCell.swift */,
			);
			name = Source;
			sourceTree = "<group>";
		};
		AF056DEC1F03DDBD00218154 /* SuppotsFiles */ = {
			isa = PBXGroup;
			children = (
				AFD9AC3C1F02F9FD008A8ED8 /* AppDelegate.swift */,
				AFD9AC431F02F9FD008A8ED8 /* Assets.xcassets */,
				AFD9AC451F02F9FD008A8ED8 /* LaunchScreen.storyboard */,
				AFD9AC481F02F9FD008A8ED8 /* Info.plist */,
			);
			name = SuppotsFiles;
			sourceTree = "<group>";
		};
		AFD9AC301F02F9FD008A8ED8 = {
			isa = PBXGroup;
			children = (
				AFD9AC3B1F02F9FD008A8ED8 /* firsttestios */,
				AFD9AC3A1F02F9FD008A8ED8 /* Products */,
			);
			sourceTree = "<group>";
		};
		AFD9AC3A1F02F9FD008A8ED8 /* Products */ = {
			isa = PBXGroup;
			children = (
				AFD9AC391F02F9FD008A8ED8 /* firsttestios.app */,
			);
			name = Products;
			sourceTree = "<group>";
		};
		AFD9AC3B1F02F9FD008A8ED8 /* firsttestios */ = {
			isa = PBXGroup;
			children = (
				AF056DEC1F03DDBD00218154 /* SuppotsFiles */,
				AF056DEB1F03DD8400218154 /* Source */,
				AFD9AC401F02F9FD008A8ED8 /* Main.storyboard */,
			);
			path = firsttestios;
			sourceTree = "<group>";
		};
/* End PBXGroup section */

/* Begin PBXNativeTarget section */
		AFD9AC381F02F9FD008A8ED8 /* firsttestios */ = {
			isa = PBXNativeTarget;
			buildConfigurationList = AFD9AC4B1F02F9FD008A8ED8 /* Build configuration list for PBXNativeTarget "firsttestios" */;
			buildPhases = (
				AFD9AC351F02F9FD008A8ED8 /* Sources */,
				AFD9AC361F02F9FD008A8ED8 /* Frameworks */,
				AFD9AC371F02F9FD008A8ED8 /* Resources */,
			);
			buildRules = (
			);
			dependencies = (
			);
			name = firsttestios;
			productName = firsttestios;
			productReference = AFD9AC391F02F9FD008A8ED8 /* firsttestios.app */;
			productType = "com.apple.product-type.application";
		};
/* End PBXNativeTarget section */

/* Begin PBXProject section */
		AFD9AC311F02F9FD008A8ED8 /* Project object */ = {
			isa = PBXProject;
			attributes = {
				LastSwiftUpdateCheck = 0830;
				LastUpgradeCheck = 0830;
				ORGANIZATIONNAME = "Anibal Francisco Correa";
				TargetAttributes = {
					AFD9AC381F02F9FD008A8ED8 = {
						CreatedOnToolsVersion = 8.3.2;
						DevelopmentTeam = 4M26JCLLKA;
						ProvisioningStyle = Automatic;
					};
				};
			};
			buildConfigurationList = AFD9AC341F02F9FD008A8ED8 /* Build configuration list for PBXProject "firsttestios" */;
			compatibilityVersion = "Xcode 3.2";
			developmentRegion = English;
			hasScannedForEncodings = 0;
			knownRegions = (
				en,
				Base,
			);
			mainGroup = AFD9AC301F02F9FD008A8ED8;
			productRefGroup = AFD9AC3A1F02F9FD008A8ED8 /* Products */;
			projectDirPath = "";
			projectRoot = "";
			targets = (
				AFD9AC381F02F9FD008A8ED8 /* firsttestios */,
			);
		};
/* End PBXProject section */

/* Begin PBXResourcesBuildPhase section */
		AFD9AC371F02F9FD008A8ED8 /* Resources */ = {
			isa = PBXResourcesBuildPhase;
			buildActionMask = 2147483647;
			files = (
				AFD9AC471F02F9FD008A8ED8 /* LaunchScreen.storyboard in Resources */,
				AFD9AC441F02F9FD008A8ED8 /* Assets.xcassets in Resources */,
				AFD9AC421F02F9FD008A8ED8 /* Main.storyboard in Resources */,
			);
			runOnlyForDeploymentPostprocessing = 0;
		};
/* End PBXResourcesBuildPhase section */

/* Begin PBXSourcesBuildPhase section */
		AFD9AC351F02F9FD008A8ED8 /* Sources */ = {
			isa = PBXSourcesBuildPhase;
			buildActionMask = 2147483647;
			files = (
				AF056DEE1F03E46E00218154 /* ProductViewController.swift in Sources */,
				AF056DF01F03EE4A00218154 /* Product.swift in Sources */,
				AF6B01041F0ACB8A00032304 /* ProductTableViewCell.swift in Sources */,
				AFD9AC3F1F02F9FD008A8ED8 /* HomeViewController.swift in Sources */,
				AFD9AC3D1F02F9FD008A8ED8 /* AppDelegate.swift in Sources */,
				AF54454A1F0EC39F00F126C5 /* ShopTableViewCell.swift in Sources */,
				AF5445481F0EC1F500F126C5 /* ShopViewController.swift in Sources */,
			);
			runOnlyForDeploymentPostprocessing = 0;
		};
/* End PBXSourcesBuildPhase section */

/* Begin PBXVariantGroup section */
		AFD9AC401F02F9FD008A8ED8 /* Main.storyboard */ = {
			isa = PBXVariantGroup;
			children = (
				AFD9AC411F02F9FD008A8ED8 /* Base */,
			);
			name = Main.storyboard;
			sourceTree = "<group>";
		};
		AFD9AC451F02F9FD008A8ED8 /* LaunchScreen.storyboard */ = {
			isa = PBXVariantGroup;
			children = (
				AFD9AC461F02F9FD008A8ED8 /* Base */,
			);
			name = LaunchScreen.storyboard;
			sourceTree = "<group>";
		};
/* End PBXVariantGroup section */

/* Begin XCBuildConfiguration section */
		AFD9AC491F02F9FD008A8ED8 /* Debug */ = {
			isa = XCBuildConfiguration;
			buildSettings = {
				ALWAYS_SEARCH_USER_PATHS = NO;
				CLANG_ANALYZER_NONNULL = YES;
				CLANG_ANALYZER_NUMBER_OBJECT_CONVERSION = YES_AGGRESSIVE;
				CLANG_CXX_LANGUAGE_STANDARD = "gnu++0x";
				CLANG_CXX_LIBRARY = "libc++";
				CLANG_ENABLE_MODULES = YES;
				CLANG_ENABLE_OBJC_ARC = YES;
				CLANG_WARN_BOOL_CONVERSION = YES;
				CLANG_WARN_CONSTANT_CONVERSION = YES;
				CLANG_WARN_DIRECT_OBJC_ISA_USAGE = YES_ERROR;
				CLANG_WARN_DOCUMENTATION_COMMENTS = YES;
				CLANG_WARN_EMPTY_BODY = YES;
				CLANG_WARN_ENUM_CONVERSION = YES;
				CLANG_WARN_INFINITE_RECURSION = YES;
				CLANG_WARN_INT_CONVERSION = YES;
				CLANG_WARN_OBJC_ROOT_CLASS = YES_ERROR;
				CLANG_WARN_SUSPICIOUS_MOVE = YES;
				CLANG_WARN_UNREACHABLE_CODE = YES;
				CLANG_WARN__DUPLICATE_METHOD_MATCH = YES;
				"CODE_SIGN_IDENTITY[sdk=iphoneos*]" = "iPhone Developer";
				COPY_PHASE_STRIP = NO;
				DEBUG_INFORMATION_FORMAT = dwarf;
				ENABLE_STRICT_OBJC_MSGSEND = YES;
				ENABLE_TESTABILITY = YES;
				GCC_C_LANGUAGE_STANDARD = gnu99;
				GCC_DYNAMIC_NO_PIC = NO;
				GCC_NO_COMMON_BLOCKS = YES;
				GCC_OPTIMIZATION_LEVEL = 0;
				GCC_PREPROCESSOR_DEFINITIONS = (
					"DEBUG=1",
					"$(inherited)",
				);
				GCC_WARN_64_TO_32_BIT_CONVERSION = YES;
				GCC_WARN_ABOUT_RETURN_TYPE = YES_ERROR;
				GCC_WARN_UNDECLARED_SELECTOR = YES;
				GCC_WARN_UNINITIALIZED_AUTOS = YES_AGGRESSIVE;
				GCC_WARN_UNUSED_FUNCTION = YES;
				GCC_WARN_UNUSED_VARIABLE = YES;
				IPHONEOS_DEPLOYMENT_TARGET = 10.3;
				MTL_ENABLE_DEBUG_INFO = YES;
				ONLY_ACTIVE_ARCH = YES;
				SDKROOT = iphoneos;
				SWIFT_ACTIVE_COMPILATION_CONDITIONS = DEBUG;
				SWIFT_OPTIMIZATION_LEVEL = "-Onone";
				TARGETED_DEVICE_FAMILY = "1,2";
			};
			name = Debug;
		};
		AFD9AC4A1F02F9FD008A8ED8 /* Release */ = {
			isa = XCBuildConfiguration;
			buildSettings = {
				ALWAYS_SEARCH_USER_PATHS = NO;
				CLANG_ANALYZER_NONNULL = YES;
				CLANG_ANALYZER_NUMBER_OBJECT_CONVERSION = YES_AGGRESSIVE;
				CLANG_CXX_LANGUAGE_STANDARD = "gnu++0x";
				CLANG_CXX_LIBRARY = "libc++";
				CLANG_ENABLE_MODULES = YES;
				CLANG_ENABLE_OBJC_ARC = YES;
				CLANG_WARN_BOOL_CONVERSION = YES;
				CLANG_WARN_CONSTANT_CONVERSION = YES;
				CLANG_WARN_DIRECT_OBJC_ISA_USAGE = YES_ERROR;
				CLANG_WARN_DOCUMENTATION_COMMENTS = YES;
				CLANG_WARN_EMPTY_BODY = YES;
				CLANG_WARN_ENUM_CONVERSION = YES;
				CLANG_WARN_INFINITE_RECURSION = YES;
				CLANG_WARN_INT_CONVERSION = YES;
				CLANG_WARN_OBJC_ROOT_CLASS = YES_ERROR;
				CLANG_WARN_SUSPICIOUS_MOVE = YES;
				CLANG_WARN_UNREACHABLE_CODE = YES;
				CLANG_WARN__DUPLICATE_METHOD_MATCH = YES;
				"CODE_SIGN_IDENTITY[sdk=iphoneos*]" = "iPhone Developer";
				COPY_PHASE_STRIP = NO;
				DEBUG_INFORMATION_FORMAT = "dwarf-with-dsym";
				ENABLE_NS_ASSERTIONS = NO;
				ENABLE_STRICT_OBJC_MSGSEND = YES;
				GCC_C_LANGUAGE_STANDARD = gnu99;
				GCC_NO_COMMON_BLOCKS = YES;
				GCC_WARN_64_TO_32_BIT_CONVERSION = YES;
				GCC_WARN_ABOUT_RETURN_TYPE = YES_ERROR;
				GCC_WARN_UNDECLARED_SELECTOR = YES;
				GCC_WARN_UNINITIALIZED_AUTOS = YES_AGGRESSIVE;
				GCC_WARN_UNUSED_FUNCTION = YES;
				GCC_WARN_UNUSED_VARIABLE = YES;
				IPHONEOS_DEPLOYMENT_TARGET = 10.3;
				MTL_ENABLE_DEBUG_INFO = NO;
				SDKROOT = iphoneos;
				SWIFT_OPTIMIZATION_LEVEL = "-Owholemodule";
				TARGETED_DEVICE_FAMILY = "1,2";
				VALIDATE_PRODUCT = YES;
			};
			name = Release;
		};
		AFD9AC4C1F02F9FD008A8ED8 /* Debug */ = {
			isa = XCBuildConfiguration;
			buildSettings = {
				ASSETCATALOG_COMPILER_APPICON_NAME = AppIcon;
				DEVELOPMENT_TEAM = 4M26JCLLKA;
				INFOPLIST_FILE = firsttestios/Info.plist;
				IPHONEOS_DEPLOYMENT_TARGET = 9.0;
				LD_RUNPATH_SEARCH_PATHS = "$(inherited) @executable_path/Frameworks";
				PRODUCT_BUNDLE_IDENTIFIER = nextdots.firsttestios;
				PRODUCT_NAME = "$(TARGET_NAME)";
				SWIFT_VERSION = 3.0;
			};
			name = Debug;
		};
		AFD9AC4D1F02F9FD008A8ED8 /* Release */ = {
			isa = XCBuildConfiguration;
			buildSettings = {
				ASSETCATALOG_COMPILER_APPICON_NAME = AppIcon;
				DEVELOPMENT_TEAM = 4M26JCLLKA;
				INFOPLIST_FILE = firsttestios/Info.plist;
				IPHONEOS_DEPLOYMENT_TARGET = 9.0;
				LD_RUNPATH_SEARCH_PATHS = "$(inherited) @executable_path/Frameworks";
				PRODUCT_BUNDLE_IDENTIFIER = nextdots.firsttestios;
				PRODUCT_NAME = "$(TARGET_NAME)";
				SWIFT_VERSION = 3.0;
			};
			name = Release;
		};
/* End XCBuildConfiguration section */

/* Begin XCConfigurationList section */
		AFD9AC341F02F9FD008A8ED8 /* Build configuration list for PBXProject "firsttestios" */ = {
			isa = XCConfigurationList;
			buildConfigurations = (
				AFD9AC491F02F9FD008A8ED8 /* Debug */,
				AFD9AC4A1F02F9FD008A8ED8 /* Release */,
			);
			defaultConfigurationIsVisible = 0;
			defaultConfigurationName = Release;
		};
		AFD9AC4B1F02F9FD008A8ED8 /* Build configuration list for PBXNativeTarget "firsttestios" */ = {
			isa = XCConfigurationList;
			buildConfigurations = (
				AFD9AC4C1F02F9FD008A8ED8 /* Debug */,
				AFD9AC4D1F02F9FD008A8ED8 /* Release */,
			);
			defaultConfigurationIsVisible = 0;
			defaultConfigurationName = Release;
		};
/* End XCConfigurationList section */
	};
	rootObject = AFD9AC311F02F9FD008A8ED8 /* Project object */;
}
